
Microsoft Visual Studio Solution File, Format Version 12.00
# Visual Studio Version 17
VisualStudioVersion = 17.10.35122.118
MinimumVisualStudioVersion = 10.0.40219.1
Project("{FAE04EC0-301F-11D3-BF4B-00C04F79EFBC}") = "Auctions", "Auctions.csproj", "{4F65F0D7-B9B3-43AF-BAF8-85BD1819F825}"
EndProject
Global
	GlobalSection(SolutionConfigurationPlatforms) = preSolution
		Debug|Any CPU = Debug|Any CPU
		Release|Any CPU = Release|Any CPU
	EndGlobalSection
	GlobalSection(ProjectConfigurationPlatforms) = postSolution
		{4F65F0D7-B9B3-43AF-BAF8-85BD1819F825}.Debug|Any CPU.ActiveCfg = Debug|Any CPU
		{4F65F0D7-B9B3-43AF-BAF8-85BD1819F825}.Debug|Any CPU.Build.0 = Debug|Any CPU
		{4F65F0D7-B9B3-43AF-BAF8-85BD1819F825}.Release|Any CPU.ActiveCfg = Release|Any CPU
		{4F65F0D7-B9B3-43AF-BAF8-85BD1819F825}.Release|Any CPU.Build.0 = Release|Any CPU
	EndGlobalSection
	GlobalSection(SolutionProperties) = preSolution
		HideSolutionNode = FALSE
	EndGlobalSection
	GlobalSection(ExtensibilityGlobals) = postSolution
		SolutionGuid = {0CCDD4E6-7EF5-455D-8E5B-FE62768FFF21}
	EndGlobalSection
EndGlobal
